{
  "version": "3",
  "remote": {
    "https://cdn.skypack.dev/-/dayjs@v1.11.11-L44xhyzaY7f9Pv0RSbAG/dist=es2019,mode=imports/optimized/dayjs.js": "596a73ea537b1d5350ff8ccdb35fdb86ed5b8c50112f8d2ceabeda4ab33f0458",
    "https://cdn.skypack.dev/-/dayjs@v1.11.11-L44xhyzaY7f9Pv0RSbAG/dist=es2019,mode=imports/unoptimized/plugin/relativeTime.js": "d32328302db06a2746a2148f15f00941225aaccdd5d4d17136fd8ff854124c32",
    "https://cdn.skypack.dev/-/dayjs@v1.11.6-77Jm7cE3hNuQn3XDVXyF/dist=es2019,mode=imports/optimized/dayjs.js": "8109789140b7e7cff118fcf550cb085c7ca0a143dc63ccddd31ccc70d97713f1",
    "https://cdn.skypack.dev/-/dayjs@v1.11.6-77Jm7cE3hNuQn3XDVXyF/dist=es2019,mode=imports/unoptimized/locale/fr.js": "d0b5d3b89c0342f890aae122acd75bfe85f8f20543e848fa978223ed1f562266",
    "https://cdn.skypack.dev/dayjs@v1.11.11/": "8aadf963fcc5be34fb0e6474a9d74ec91d38cbe6553983212aae9d0ca26e4fa9",
    "https://cdn.skypack.dev/dayjs@v1.11.11/plugin/relativeTime": "83d4fe28e2fe62658a24bead58d1cf4f863e32a243faf6648222a20b0b067c76",
    "https://cdn.skypack.dev/dayjs@v1.11.6/locale/fr": "f5a1b691496ddea3b2f56456a868c5974cb6d651e1e9b1275d1e09d9d359f348",
    "https://deno.land/std@0.224.0/assert/assert.ts": "09d30564c09de846855b7b071e62b5974b001bb72a4b797958fe0660e7849834",
    "https://deno.land/std@0.224.0/assert/assertion_error.ts": "ba8752bd27ebc51f723702fac2f54d3e94447598f54264a6653d6413738a8917",
    "https://deno.land/std@0.224.0/fmt/colors.ts": "508563c0659dd7198ba4bbf87e97f654af3c34eb56ba790260f252ad8012e1c5",
    "https://deno.land/std@0.224.0/json/common.ts": "33f1a4f39a45e2f9f357823fd0b5cf88b63fb4784b8c9a28f8120f70a20b23e9",
    "https://deno.land/std@0.224.0/jsonc/mod.ts": "1756f094e00894ec27416b4fcccbcf445e73892a83cf1937de3aad7de2d5da7c",
    "https://deno.land/std@0.224.0/jsonc/parse.ts": "06fbe10f0bb0cba684f7902bf7de5126b16eb0e5a82220c98a4b86675c7f9cff"
  }
}
